
Microsoft Visual Studio Solution File, Format Version 12.00
# Visual Studio Version 17
VisualStudioVersion = 17.0.31903.59
MinimumVisualStudioVersion = 10.0.40219.1
Project("{FAE04EC0-301F-11D3-BF4B-00C04F79EFBC}") = "library", "library\library.csproj", "{2C8804CC-CEE1-438F-BE0F-AF003FEB604E}"
EndProject
Project("{FAE04EC0-301F-11D3-BF4B-00C04F79EFBC}") = "test", "test\test.csproj", "{FD7ECF59-992C-4A9D-BB8A-977FE071E938}"
EndProject
Project("{FAE04EC0-301F-11D3-BF4B-00C04F79EFBC}") = "sample", "sample\sample.csproj", "{9620EBFB-18AF-4FDA-A612-289A2E06D82D}"
EndProject
Project("{2150E333-8FDC-42A3-9474-1A3956D46DE8}") = "docs", "docs", "{45FC5A4C-2F52-4CBF-A14C-03D33DE68CD4}"
	ProjectSection(SolutionItems) = preProject
		README.md = README.md
	EndProjectSection
EndProject
Global
	GlobalSection(SolutionConfigurationPlatforms) = preSolution
		Debug|Any CPU = Debug|Any CPU
		Release|Any CPU = Release|Any CPU
	EndGlobalSection
	GlobalSection(SolutionProperties) = preSolution
		HideSolutionNode = FALSE
	EndGlobalSection
	GlobalSection(ProjectConfigurationPlatforms) = postSolution
		{2C8804CC-CEE1-438F-BE0F-AF003FEB604E}.Debug|Any CPU.ActiveCfg = Debug|Any CPU
		{2C8804CC-CEE1-438F-BE0F-AF003FEB604E}.Debug|Any CPU.Build.0 = Debug|Any CPU
		{2C8804CC-CEE1-438F-BE0F-AF003FEB604E}.Release|Any CPU.ActiveCfg = Release|Any CPU
		{2C8804CC-CEE1-438F-BE0F-AF003FEB604E}.Release|Any CPU.Build.0 = Release|Any CPU
		{FD7ECF59-992C-4A9D-BB8A-977FE071E938}.Debug|Any CPU.ActiveCfg = Debug|Any CPU
		{FD7ECF59-992C-4A9D-BB8A-977FE071E938}.Debug|Any CPU.Build.0 = Debug|Any CPU
		{FD7ECF59-992C-4A9D-BB8A-977FE071E938}.Release|Any CPU.ActiveCfg = Release|Any CPU
		{FD7ECF59-992C-4A9D-BB8A-977FE071E938}.Release|Any CPU.Build.0 = Release|Any CPU
		{9620EBFB-18AF-4FDA-A612-289A2E06D82D}.Debug|Any CPU.ActiveCfg = Debug|Any CPU
		{9620EBFB-18AF-4FDA-A612-289A2E06D82D}.Debug|Any CPU.Build.0 = Debug|Any CPU
		{9620EBFB-18AF-4FDA-A612-289A2E06D82D}.Release|Any CPU.ActiveCfg = Release|Any CPU
		{9620EBFB-18AF-4FDA-A612-289A2E06D82D}.Release|Any CPU.Build.0 = Release|Any CPU
	EndGlobalSection
EndGlobal
